
Microsoft Visual Studio Solution File, Format Version 12.00
# Visual Studio Version 16
VisualStudioVersion = 16.0.30621.155
MinimumVisualStudioVersion = 10.0.40219.1
Project("{FAE04EC0-301F-11D3-BF4B-00C04F79EFBC}") = "IvoUppgift3", "IvoUppgift3\IvoUppgift3.csproj", "{448D57E0-7EE1-443F-AE61-0078AC53A366}"
EndProject
Global
	GlobalSection(SolutionConfigurationPlatforms) = preSolution
		Debug|Any CPU = Debug|Any CPU
		Release|Any CPU = Release|Any CPU
	EndGlobalSection
	GlobalSection(ProjectConfigurationPlatforms) = postSolution
		{448D57E0-7EE1-443F-AE61-0078AC53A366}.Debug|Any CPU.ActiveCfg = Debug|Any CPU
		{448D57E0-7EE1-443F-AE61-0078AC53A366}.Debug|Any CPU.Build.0 = Debug|Any CPU
		{448D57E0-7EE1-443F-AE61-0078AC53A366}.Release|Any CPU.ActiveCfg = Release|Any CPU
		{448D57E0-7EE1-443F-AE61-0078AC53A366}.Release|Any CPU.Build.0 = Release|Any CPU
	EndGlobalSection
	GlobalSection(SolutionProperties) = preSolution
		HideSolutionNode = FALSE
	EndGlobalSection
	GlobalSection(ExtensibilityGlobals) = postSolution
		SolutionGuid = {5B9E72BC-7C14-406C-923B-68D2C384364F}
	EndGlobalSection
EndGlobal
